// !$*UTF8*$!
{
	archiveVersion = 1;
	classes = {
	};
	objectVersion = 52;
	objects = {

/* Begin PBXBuildFile section */
		0207DA581B56EA530066E2B4 /* Images.xcassets in Resources */ = {isa = PBXBuildFile; fileRef = 0207DA571B56EA530066E2B4 /* Images.xcassets */; };
		04C2357FE9364F5D92FBF979 /* UserNotifications.framework in Frameworks */ = {isa = PBXBuildFile; fileRef = 417B8068ECBA4046A2B110EA /* UserNotifications.framework */; };
		060611BDA7DD4257956ED356 /* APPNotificationContent.m in Sources */ = {isa = PBXBuildFile; fileRef = 7B6E209D16E947ABA146EB3D /* APPNotificationContent.m */; };
		068C630A447343AB94A4EBFE /* CDVGlobalization.m in Sources */ = {isa = PBXBuildFile; fileRef = D6FDAC3F83C64DEAA0A06E44 /* CDVGlobalization.m */; };
		0C5644A45BCD4482B81C3ECB /* CDVWKInAppBrowserUIDelegate.m in Sources */ = {isa = PBXBuildFile; fileRef = 18683C6F1F694F368915A58F /* CDVWKInAppBrowserUIDelegate.m */; };
		1161BB0B2257463D92A81425 /* GoogleService-Info.plist in Resources */ = {isa = PBXBuildFile; fileRef = E67EFB55076F433CA3C9B287 /* GoogleService-Info.plist */; };
		1C18848E07514D02AE930463 /* APPBadge.m in Sources */ = {isa = PBXBuildFile; fileRef = 272250E30E4B49649A7304D2 /* APPBadge.m */; };
		1D3623260D0F684500981E51 /* AppDelegate.m in Sources */ = {isa = PBXBuildFile; fileRef = 1D3623250D0F684500981E51 /* AppDelegate.m */; };
		1D60589B0D05DD56006BFB54 /* main.m in Sources */ = {isa = PBXBuildFile; fileRef = 29B97316FDCFA39411CA2CEA /* main.m */; };
		1EF6126EC3CE4B888F90BE6F /* APPNotificationOptions.m in Sources */ = {isa = PBXBuildFile; fileRef = 682E2150C82741B8A9BE2B72 /* APPNotificationOptions.m */; };
		22AE31422E4B4A389B79006C /* CDVAssetLibraryFilesystem.m in Sources */ = {isa = PBXBuildFile; fileRef = 43F2D5F501FA451CBF5ACAED /* CDVAssetLibraryFilesystem.m */; };
		301BF552109A68D80062928A /* libCordova.a in Frameworks */ = {isa = PBXBuildFile; fileRef = 301BF535109A57CC0062928A /* libCordova.a */; settings = {ATTRIBUTES = (Required, ); }; };
		302D95F114D2391D003F00A1 /* MainViewController.m in Sources */ = {isa = PBXBuildFile; fileRef = 302D95EF14D2391D003F00A1 /* MainViewController.m */; };
		302D95F214D2391D003F00A1 /* MainViewController.xib in Resources */ = {isa = PBXBuildFile; fileRef = 302D95F014D2391D003F00A1 /* MainViewController.xib */; };
		35A297E1AE4548E9B55A9F2E /* CDVConnection.m in Sources */ = {isa = PBXBuildFile; fileRef = 9709A1BF89CD4E1EBE24AF6E /* CDVConnection.m */; };
		3F636C4D041E4CE6826D24F9 /* CDVInAppBrowserOptions.m in Sources */ = {isa = PBXBuildFile; fileRef = 8041FEE74E834D4396407414 /* CDVInAppBrowserOptions.m */; };
		403254ED274B43D088DF8437 /* CDVWKInAppBrowser.m in Sources */ = {isa = PBXBuildFile; fileRef = 21F016A84B9D47E899BFD1AD /* CDVWKInAppBrowser.m */; };
		40D5DE26ACBF486D8276298F /* UNUserNotificationCenter+APPLocalNotification.m in Sources */ = {isa = PBXBuildFile; fileRef = 71BB988E4ACB4AC28AF6E930 /* UNUserNotificationCenter+APPLocalNotification.m */; };
		43761A16F1EB47B7812C3564 /* CoreTelephony.framework in Frameworks */ = {isa = PBXBuildFile; fileRef = B3F24E797C4F4BF5B8223803 /* CoreTelephony.framework */; };
		4BB032116C8F74A1A42A69AF /* libPods-Pidoya.a in Frameworks */ = {isa = PBXBuildFile; fileRef = 4E3C2EFFCE2BF6EC43ED8A02 /* libPods-Pidoya.a */; };
		5CF96D898FD94614B6E416D2 /* UNNotificationRequest+APPLocalNotification.m in Sources */ = {isa = PBXBuildFile; fileRef = 4D2BA5F7AF8947BD82A65FDE /* UNNotificationRequest+APPLocalNotification.m */; };
		5D6E3F2FE3BA45D4AE2BDA14 /* CDVReachability.m in Sources */ = {isa = PBXBuildFile; fileRef = 204B364019B74501A3B6A189 /* CDVReachability.m */; };
		628637520E434408B5B4D420 /* CDVInAppBrowserNavigationController.m in Sources */ = {isa = PBXBuildFile; fileRef = 95D7B359775A45558D471BF5 /* CDVInAppBrowserNavigationController.m */; };
		64AF9DE69E4F4DCFBED93EB0 /* CDVNotification.bundle in Resources */ = {isa = PBXBuildFile; fileRef = 0D34E65C70BE48AE9C98BDB0 /* CDVNotification.bundle */; };
		687AC9263C4D4567BADBF589 /* AppDelegate+FirebaseMessagingPlugin.m in Sources */ = {isa = PBXBuildFile; fileRef = CC9DAC7CA71240DE9ED9AA95 /* AppDelegate+FirebaseMessagingPlugin.m */; };
		6AFF5BF91D6E424B00AB3073 /* CDVLaunchScreen.storyboard in Resources */ = {isa = PBXBuildFile; fileRef = 6AFF5BF81D6E424B00AB3073 /* CDVLaunchScreen.storyboard */; };
		71F1C03647D84E3D8F6B31B1 /* APPLocalNotification.m in Sources */ = {isa = PBXBuildFile; fileRef = C18186CFBDE14A97A9DA0811 /* APPLocalNotification.m */; };
		74259B0736E942DCBB500FE3 /* CDVDevice.m in Sources */ = {isa = PBXBuildFile; fileRef = 1D8EF59AEEA74E068F50E6C1 /* CDVDevice.m */; };
		793AABB432AA4367B7A0A458 /* CDVLocation.m in Sources */ = {isa = PBXBuildFile; fileRef = 916A690BD3284947A1829C36 /* CDVLocation.m */; };
		7D27939ABF3D4938967EA11D /* AudioToolbox.framework in Frameworks */ = {isa = PBXBuildFile; fileRef = CC47E428AE964055B6889DA9 /* AudioToolbox.framework */; settings = {ATTRIBUTES = (Weak, ); }; };
		872DFD1622364729A55FDEB1 /* FirebaseAnalyticsPlugin.m in Sources */ = {isa = PBXBuildFile; fileRef = 79C9955BD040458F97122209 /* FirebaseAnalyticsPlugin.m */; };
		A8A6AD9B17694F48A945594F /* CDVVibration.m in Sources */ = {isa = PBXBuildFile; fileRef = 2131DC9AF0FB4A13983DD929 /* CDVVibration.m */; };
		B473D32EA38C46D483344D64 /* libz.tbd in Frameworks */ = {isa = PBXBuildFile; fileRef = 57416D7E448443F89B85B574 /* libz.tbd */; };
		B7B87A6F0EE741A09B6A5FD2 /* SystemConfiguration.framework in Frameworks */ = {isa = PBXBuildFile; fileRef = CC6AAD39687E4AB7A8945926 /* SystemConfiguration.framework */; settings = {ATTRIBUTES = (Weak, ); }; };
		C01A746BE0A0425E846E751A /* CDVBattery.m in Sources */ = {isa = PBXBuildFile; fileRef = 0D295544C77A4EE595C33657 /* CDVBattery.m */; };
		CB29F396E2EC4E50A9BE8688 /* CDVNotification.m in Sources */ = {isa = PBXBuildFile; fileRef = 07B2EAC1A4F648C6B410A347 /* CDVNotification.m */; };
		CE196CD5AE214EB8AB476D1F /* FirebaseMessagingPlugin.m in Sources */ = {isa = PBXBuildFile; fileRef = 99DAF24126B04F6183EFBF8E /* FirebaseMessagingPlugin.m */; };
		D0D6E2578F2F4D619C94BC76 /* CDVFile.m in Sources */ = {isa = PBXBuildFile; fileRef = 7C8E482E399D4C0D9078B99F /* CDVFile.m */; };
		DE43DAF1437542F4A8ED35BD /* CDVLocalFilesystem.m in Sources */ = {isa = PBXBuildFile; fileRef = 47B00D7D33FD41DAAFC5CA1F /* CDVLocalFilesystem.m */; };
		E9CA8010C1E84A6DBDC6FE9C /* CoreLocation.framework in Frameworks */ = {isa = PBXBuildFile; fileRef = FEC4E6CAD4D6407F8AA0D7BE /* CoreLocation.framework */; };
/* End PBXBuildFile section */

/* Begin PBXContainerItemProxy section */
		301BF534109A57CC0062928A /* PBXContainerItemProxy */ = {
			isa = PBXContainerItemProxy;
			containerPortal = 301BF52D109A57CC0062928A /* CordovaLib.xcodeproj */;
			proxyType = 2;
			remoteGlobalIDString = D2AAC07E0554694100DB518D;
			remoteInfo = CordovaLib;
		};
		301BF550109A68C00062928A /* PBXContainerItemProxy */ = {
			isa = PBXContainerItemProxy;
			containerPortal = 301BF52D109A57CC0062928A /* CordovaLib.xcodeproj */;
			proxyType = 1;
			remoteGlobalIDString = D2AAC07D0554694100DB518D;
			remoteInfo = CordovaLib;
		};
		907D8123214C687600058A10 /* PBXContainerItemProxy */ = {
			isa = PBXContainerItemProxy;
			containerPortal = 301BF52D109A57CC0062928A /* CordovaLib.xcodeproj */;
			proxyType = 2;
			remoteGlobalIDString = C0C01EB21E3911D50056E6CB;
			remoteInfo = Cordova;
		};
/* End PBXContainerItemProxy section */

/* Begin PBXFileReference section */
		0207DA571B56EA530066E2B4 /* Images.xcassets */ = {isa = PBXFileReference; lastKnownFileType = folder.assetcatalog; name = Images.xcassets; path = Pidoya/Images.xcassets; sourceTree = SOURCE_ROOT; };
		0732F1F014234E5C85CA775A /* CDVBattery.h */ = {isa = PBXFileReference; explicitFileType = undefined; fileEncoding = 4; includeInIndex = 0; lastKnownFileType = sourcecode.c.h; name = CDVBattery.h; path = "cordova-plugin-battery-status/CDVBattery.h"; sourceTree = "<group>"; };
		07B2EAC1A4F648C6B410A347 /* CDVNotification.m */ = {isa = PBXFileReference; explicitFileType = undefined; fileEncoding = 4; includeInIndex = 0; lastKnownFileType = sourcecode.c.objc; name = CDVNotification.m; path = "cordova-plugin-dialogs/CDVNotification.m"; sourceTree = "<group>"; };
		0D295544C77A4EE595C33657 /* CDVBattery.m */ = {isa = PBXFileReference; explicitFileType = undefined; fileEncoding = 4; includeInIndex = 0; lastKnownFileType = sourcecode.c.objc; name = CDVBattery.m; path = "cordova-plugin-battery-status/CDVBattery.m"; sourceTree = "<group>"; };
		0D34E65C70BE48AE9C98BDB0 /* CDVNotification.bundle */ = {isa = PBXFileReference; explicitFileType = undefined; fileEncoding = 9; includeInIndex = 0; lastKnownFileType = "wrapper.plug-in"; path = CDVNotification.bundle; sourceTree = "<group>"; };
		14717F89089045E3B7B23F78 /* APPNotificationOptions.h */ = {isa = PBXFileReference; explicitFileType = undefined; fileEncoding = 4; includeInIndex = 0; lastKnownFileType = sourcecode.c.h; name = APPNotificationOptions.h; path = "cordova-plugin-local-notification/APPNotificationOptions.h"; sourceTree = "<group>"; };
		18683C6F1F694F368915A58F /* CDVWKInAppBrowserUIDelegate.m */ = {isa = PBXFileReference; explicitFileType = undefined; fileEncoding = 4; includeInIndex = 0; lastKnownFileType = sourcecode.c.objc; name = CDVWKInAppBrowserUIDelegate.m; path = "cordova-plugin-inappbrowser/CDVWKInAppBrowserUIDelegate.m"; sourceTree = "<group>"; };
		1D3623240D0F684500981E51 /* AppDelegate.h */ = {isa = PBXFileReference; fileEncoding = 4; lastKnownFileType = sourcecode.c.h; path = AppDelegate.h; sourceTree = "<group>"; };
		1D3623250D0F684500981E51 /* AppDelegate.m */ = {isa = PBXFileReference; fileEncoding = 4; lastKnownFileType = sourcecode.c.objc; path = AppDelegate.m; sourceTree = "<group>"; };
		1D6058910D05DD3D006BFB54 /* Pidoya.app */ = {isa = PBXFileReference; explicitFileType = wrapper.application; includeInIndex = 0; path = Pidoya.app; sourceTree = BUILT_PRODUCTS_DIR; };
		1D8EF59AEEA74E068F50E6C1 /* CDVDevice.m */ = {isa = PBXFileReference; explicitFileType = undefined; fileEncoding = 4; includeInIndex = 0; lastKnownFileType = sourcecode.c.objc; name = CDVDevice.m; path = "cordova-plugin-device/CDVDevice.m"; sourceTree = "<group>"; };
		204B364019B74501A3B6A189 /* CDVReachability.m */ = {isa = PBXFileReference; explicitFileType = undefined; fileEncoding = 4; includeInIndex = 0; lastKnownFileType = sourcecode.c.objc; name = CDVReachability.m; path = "cordova-plugin-network-information/CDVReachability.m"; sourceTree = "<group>"; };
		2131DC9AF0FB4A13983DD929 /* CDVVibration.m */ = {isa = PBXFileReference; explicitFileType = undefined; fileEncoding = 4; includeInIndex = 0; lastKnownFileType = sourcecode.c.objc; name = CDVVibration.m; path = "cordova-plugin-vibration/CDVVibration.m"; sourceTree = "<group>"; };
		21F016A84B9D47E899BFD1AD /* CDVWKInAppBrowser.m */ = {isa = PBXFileReference; explicitFileType = undefined; fileEncoding = 4; includeInIndex = 0; lastKnownFileType = sourcecode.c.objc; name = CDVWKInAppBrowser.m; path = "cordova-plugin-inappbrowser/CDVWKInAppBrowser.m"; sourceTree = "<group>"; };
		272250E30E4B49649A7304D2 /* APPBadge.m */ = {isa = PBXFileReference; explicitFileType = undefined; fileEncoding = 4; includeInIndex = 0; lastKnownFileType = sourcecode.c.objc; name = APPBadge.m; path = "cordova-plugin-badge/APPBadge.m"; sourceTree = "<group>"; };
		29B97316FDCFA39411CA2CEA /* main.m */ = {isa = PBXFileReference; fileEncoding = 4; lastKnownFileType = sourcecode.c.objc; path = main.m; sourceTree = "<group>"; };
		2BE36A5838E644048EEC2D44 /* CDVWKInAppBrowserUIDelegate.h */ = {isa = PBXFileReference; explicitFileType = undefined; fileEncoding = 4; includeInIndex = 0; lastKnownFileType = sourcecode.c.h; name = CDVWKInAppBrowserUIDelegate.h; path = "cordova-plugin-inappbrowser/CDVWKInAppBrowserUIDelegate.h"; sourceTree = "<group>"; };
		301BF52D109A57CC0062928A /* CordovaLib.xcodeproj */ = {isa = PBXFileReference; lastKnownFileType = "wrapper.pb-project"; name = CordovaLib.xcodeproj; path = CordovaLib/CordovaLib.xcodeproj; sourceTree = "<group>"; };
		301BF56E109A69640062928A /* www */ = {isa = PBXFileReference; lastKnownFileType = folder; path = www; sourceTree = SOURCE_ROOT; };
		302D95EE14D2391D003F00A1 /* MainViewController.h */ = {isa = PBXFileReference; fileEncoding = 4; lastKnownFileType = sourcecode.c.h; path = MainViewController.h; sourceTree = "<group>"; };
		302D95EF14D2391D003F00A1 /* MainViewController.m */ = {isa = PBXFileReference; fileEncoding = 4; lastKnownFileType = sourcecode.c.objc; path = MainViewController.m; sourceTree = "<group>"; };
		302D95F014D2391D003F00A1 /* MainViewController.xib */ = {isa = PBXFileReference; fileEncoding = 4; lastKnownFileType = file.xib; path = MainViewController.xib; sourceTree = "<group>"; };
		3047A50F1AB8059700498E2A /* build-debug.xcconfig */ = {isa = PBXFileReference; fileEncoding = 4; lastKnownFileType = text.xcconfig; name = "build-debug.xcconfig"; path = "cordova/build-debug.xcconfig"; sourceTree = SOURCE_ROOT; };
		3047A5101AB8059700498E2A /* build-release.xcconfig */ = {isa = PBXFileReference; fileEncoding = 4; lastKnownFileType = text.xcconfig; name = "build-release.xcconfig"; path = "cordova/build-release.xcconfig"; sourceTree = SOURCE_ROOT; };
		3047A5111AB8059700498E2A /* build.xcconfig */ = {isa = PBXFileReference; fileEncoding = 4; lastKnownFileType = text.xcconfig; name = build.xcconfig; path = cordova/build.xcconfig; sourceTree = SOURCE_ROOT; };
		3102477E145B4CF4A2354E04 /* CDVConnection.h */ = {isa = PBXFileReference; explicitFileType = undefined; fileEncoding = 4; includeInIndex = 0; lastKnownFileType = sourcecode.c.h; name = CDVConnection.h; path = "cordova-plugin-network-information/CDVConnection.h"; sourceTree = "<group>"; };
		32CA4F630368D1EE00C91783 /* Pidoya-Prefix.pch */ = {isa = PBXFileReference; fileEncoding = 4; lastKnownFileType = sourcecode.c.h; path = "Pidoya-Prefix.pch"; sourceTree = "<group>"; };
		3E1F351B4B5C400BB5B67001 /* CDVGlobalization.h */ = {isa = PBXFileReference; explicitFileType = undefined; fileEncoding = 4; includeInIndex = 0; lastKnownFileType = sourcecode.c.h; name = CDVGlobalization.h; path = "cordova-plugin-globalization/CDVGlobalization.h"; sourceTree = "<group>"; };
		40CCAD8156D143E6A1C78964 /* CDVInAppBrowserOptions.h */ = {isa = PBXFileReference; explicitFileType = undefined; fileEncoding = 4; includeInIndex = 0; lastKnownFileType = sourcecode.c.h; name = CDVInAppBrowserOptions.h; path = "cordova-plugin-inappbrowser/CDVInAppBrowserOptions.h"; sourceTree = "<group>"; };
		417B8068ECBA4046A2B110EA /* UserNotifications.framework */ = {isa = PBXFileReference; explicitFileType = undefined; fileEncoding = 9; includeInIndex = 0; lastKnownFileType = wrapper.framework; name = UserNotifications.framework; path = System/Library/Frameworks/UserNotifications.framework; sourceTree = SDKROOT; };
		43F2D5F501FA451CBF5ACAED /* CDVAssetLibraryFilesystem.m */ = {isa = PBXFileReference; explicitFileType = undefined; fileEncoding = 4; includeInIndex = 0; lastKnownFileType = sourcecode.c.objc; name = CDVAssetLibraryFilesystem.m; path = "cordova-plugin-file/CDVAssetLibraryFilesystem.m"; sourceTree = "<group>"; };
		47B00D7D33FD41DAAFC5CA1F /* CDVLocalFilesystem.m */ = {isa = PBXFileReference; explicitFileType = undefined; fileEncoding = 4; includeInIndex = 0; lastKnownFileType = sourcecode.c.objc; name = CDVLocalFilesystem.m; path = "cordova-plugin-file/CDVLocalFilesystem.m"; sourceTree = "<group>"; };
		4A4F00E3DE69927017AC9E77 /* Pods-Pidoya.release.xcconfig */ = {isa = PBXFileReference; includeInIndex = 1; lastKnownFileType = text.xcconfig; name = "Pods-Pidoya.release.xcconfig"; path = "Target Support Files/Pods-Pidoya/Pods-Pidoya.release.xcconfig"; sourceTree = "<group>"; };
		4D2BA5F7AF8947BD82A65FDE /* UNNotificationRequest+APPLocalNotification.m */ = {isa = PBXFileReference; explicitFileType = undefined; fileEncoding = 4; includeInIndex = 0; lastKnownFileType = sourcecode.c.objc; name = "UNNotificationRequest+APPLocalNotification.m"; path = "cordova-plugin-local-notification/UNNotificationRequest+APPLocalNotification.m"; sourceTree = "<group>"; };
		4E3C2EFFCE2BF6EC43ED8A02 /* libPods-Pidoya.a */ = {isa = PBXFileReference; explicitFileType = archive.ar; includeInIndex = 0; path = "libPods-Pidoya.a"; sourceTree = BUILT_PRODUCTS_DIR; };
		5162386E6C0E4F769EB5F0F5 /* APPBadge.h */ = {isa = PBXFileReference; explicitFileType = undefined; fileEncoding = 4; includeInIndex = 0; lastKnownFileType = sourcecode.c.h; name = APPBadge.h; path = "cordova-plugin-badge/APPBadge.h"; sourceTree = "<group>"; };
		5633843B980C471FBC97F35B /* UNUserNotificationCenter+APPLocalNotification.h */ = {isa = PBXFileReference; explicitFileType = undefined; fileEncoding = 4; includeInIndex = 0; lastKnownFileType = sourcecode.c.h; name = "UNUserNotificationCenter+APPLocalNotification.h"; path = "cordova-plugin-local-notification/UNUserNotificationCenter+APPLocalNotification.h"; sourceTree = "<group>"; };
		57416D7E448443F89B85B574 /* libz.tbd */ = {isa = PBXFileReference; explicitFileType = undefined; fileEncoding = 9; includeInIndex = 0; lastKnownFileType = "sourcecode.text-based-dylib-definition"; name = libz.tbd; path = usr/lib/libz.tbd; sourceTree = SDKROOT; };
		5EB6CAA9F3BE6EC8646EAEB6 /* Pods-Pidoya.debug.xcconfig */ = {isa = PBXFileReference; includeInIndex = 1; lastKnownFileType = text.xcconfig; name = "Pods-Pidoya.debug.xcconfig"; path = "Target Support Files/Pods-Pidoya/Pods-Pidoya.debug.xcconfig"; sourceTree = "<group>"; };
		5FC4AED05E374A5CAA934792 /* CDVVibration.h */ = {isa = PBXFileReference; explicitFileType = undefined; fileEncoding = 4; includeInIndex = 0; lastKnownFileType = sourcecode.c.h; name = CDVVibration.h; path = "cordova-plugin-vibration/CDVVibration.h"; sourceTree = "<group>"; };
		607A5FD6197A4876968D8DDF /* CDVLocalFilesystem.h */ = {isa = PBXFileReference; explicitFileType = undefined; fileEncoding = 4; includeInIndex = 0; lastKnownFileType = sourcecode.c.h; name = CDVLocalFilesystem.h; path = "cordova-plugin-file/CDVLocalFilesystem.h"; sourceTree = "<group>"; };
		67625A54CD0A4BC3B6770E8C /* APPLocalNotification.h */ = {isa = PBXFileReference; explicitFileType = undefined; fileEncoding = 4; includeInIndex = 0; lastKnownFileType = sourcecode.c.h; name = APPLocalNotification.h; path = "cordova-plugin-local-notification/APPLocalNotification.h"; sourceTree = "<group>"; };
		682E2150C82741B8A9BE2B72 /* APPNotificationOptions.m */ = {isa = PBXFileReference; explicitFileType = undefined; fileEncoding = 4; includeInIndex = 0; lastKnownFileType = sourcecode.c.objc; name = APPNotificationOptions.m; path = "cordova-plugin-local-notification/APPNotificationOptions.m"; sourceTree = "<group>"; };
		69B7D0E0489B4525AB4AB13E /* APPNotificationContent.h */ = {isa = PBXFileReference; explicitFileType = undefined; fileEncoding = 4; includeInIndex = 0; lastKnownFileType = sourcecode.c.h; name = APPNotificationContent.h; path = "cordova-plugin-local-notification/APPNotificationContent.h"; sourceTree = "<group>"; };
		6AFF5BF81D6E424B00AB3073 /* CDVLaunchScreen.storyboard */ = {isa = PBXFileReference; fileEncoding = 4; lastKnownFileType = file.storyboard; name = CDVLaunchScreen.storyboard; path = Pidoya/CDVLaunchScreen.storyboard; sourceTree = SOURCE_ROOT; };
		71BB988E4ACB4AC28AF6E930 /* UNUserNotificationCenter+APPLocalNotification.m */ = {isa = PBXFileReference; explicitFileType = undefined; fileEncoding = 4; includeInIndex = 0; lastKnownFileType = sourcecode.c.objc; name = "UNUserNotificationCenter+APPLocalNotification.m"; path = "cordova-plugin-local-notification/UNUserNotificationCenter+APPLocalNotification.m"; sourceTree = "<group>"; };
		79C9955BD040458F97122209 /* FirebaseAnalyticsPlugin.m */ = {isa = PBXFileReference; explicitFileType = undefined; fileEncoding = 4; includeInIndex = 0; lastKnownFileType = sourcecode.c.objc; name = FirebaseAnalyticsPlugin.m; path = "cordova-plugin-firebase-analytics/FirebaseAnalyticsPlugin.m"; sourceTree = "<group>"; };
		7B6E209D16E947ABA146EB3D /* APPNotificationContent.m */ = {isa = PBXFileReference; explicitFileType = undefined; fileEncoding = 4; includeInIndex = 0; lastKnownFileType = sourcecode.c.objc; name = APPNotificationContent.m; path = "cordova-plugin-local-notification/APPNotificationContent.m"; sourceTree = "<group>"; };
		7C8E482E399D4C0D9078B99F /* CDVFile.m */ = {isa = PBXFileReference; explicitFileType = undefined; fileEncoding = 4; includeInIndex = 0; lastKnownFileType = sourcecode.c.objc; name = CDVFile.m; path = "cordova-plugin-file/CDVFile.m"; sourceTree = "<group>"; };
		7EB7A53514D647979C4A24F3 /* CDVLocation.h */ = {isa = PBXFileReference; explicitFileType = undefined; fileEncoding = 4; includeInIndex = 0; lastKnownFileType = sourcecode.c.h; name = CDVLocation.h; path = "cordova-plugin-geolocation/CDVLocation.h"; sourceTree = "<group>"; };
		8041FEE74E834D4396407414 /* CDVInAppBrowserOptions.m */ = {isa = PBXFileReference; explicitFileType = undefined; fileEncoding = 4; includeInIndex = 0; lastKnownFileType = sourcecode.c.objc; name = CDVInAppBrowserOptions.m; path = "cordova-plugin-inappbrowser/CDVInAppBrowserOptions.m"; sourceTree = "<group>"; };
		84E1E6D43A0B43EC93FA7B25 /* UNNotificationRequest+APPLocalNotification.h */ = {isa = PBXFileReference; explicitFileType = undefined; fileEncoding = 4; includeInIndex = 0; lastKnownFileType = sourcecode.c.h; name = "UNNotificationRequest+APPLocalNotification.h"; path = "cordova-plugin-local-notification/UNNotificationRequest+APPLocalNotification.h"; sourceTree = "<group>"; };
		8D1107310486CEB800E47090 /* Pidoya-Info.plist */ = {isa = PBXFileReference; fileEncoding = 4; lastKnownFileType = text.plist.xml; name = "Pidoya-Info.plist"; path = "Pidoya/Pidoya-Info.plist"; plistStructureDefinitionIdentifier = "com.apple.xcode.plist.structure-definition.iphone.info-plist"; sourceTree = SOURCE_ROOT; };
		8DC896CDECB44E16A4766900 /* CDVWKInAppBrowser.h */ = {isa = PBXFileReference; explicitFileType = undefined; fileEncoding = 4; includeInIndex = 0; lastKnownFileType = sourcecode.c.h; name = CDVWKInAppBrowser.h; path = "cordova-plugin-inappbrowser/CDVWKInAppBrowser.h"; sourceTree = "<group>"; };
		916A690BD3284947A1829C36 /* CDVLocation.m */ = {isa = PBXFileReference; explicitFileType = undefined; fileEncoding = 4; includeInIndex = 0; lastKnownFileType = sourcecode.c.objc; name = CDVLocation.m; path = "cordova-plugin-geolocation/CDVLocation.m"; sourceTree = "<group>"; };
		95D7B359775A45558D471BF5 /* CDVInAppBrowserNavigationController.m */ = {isa = PBXFileReference; explicitFileType = undefined; fileEncoding = 4; includeInIndex = 0; lastKnownFileType = sourcecode.c.objc; name = CDVInAppBrowserNavigationController.m; path = "cordova-plugin-inappbrowser/CDVInAppBrowserNavigationController.m"; sourceTree = "<group>"; };
		9709A1BF89CD4E1EBE24AF6E /* CDVConnection.m */ = {isa = PBXFileReference; explicitFileType = undefined; fileEncoding = 4; includeInIndex = 0; lastKnownFileType = sourcecode.c.objc; name = CDVConnection.m; path = "cordova-plugin-network-information/CDVConnection.m"; sourceTree = "<group>"; };
		99DAF24126B04F6183EFBF8E /* FirebaseMessagingPlugin.m */ = {isa = PBXFileReference; explicitFileType = undefined; fileEncoding = 4; includeInIndex = 0; lastKnownFileType = sourcecode.c.objc; name = FirebaseMessagingPlugin.m; path = "cordova-plugin-firebase-messaging/FirebaseMessagingPlugin.m"; sourceTree = "<group>"; };
		9DB15BC637B7476F85DB4DE8 /* CDVDevice.h */ = {isa = PBXFileReference; explicitFileType = undefined; fileEncoding = 4; includeInIndex = 0; lastKnownFileType = sourcecode.c.h; name = CDVDevice.h; path = "cordova-plugin-device/CDVDevice.h"; sourceTree = "<group>"; };
		B3F24E797C4F4BF5B8223803 /* CoreTelephony.framework */ = {isa = PBXFileReference; explicitFileType = undefined; fileEncoding = 9; includeInIndex = 0; lastKnownFileType = wrapper.framework; name = CoreTelephony.framework; path = System/Library/Frameworks/CoreTelephony.framework; sourceTree = SDKROOT; };
		BDC12E69AC85493FBE10E2FE /* CDVReachability.h */ = {isa = PBXFileReference; explicitFileType = undefined; fileEncoding = 4; includeInIndex = 0; lastKnownFileType = sourcecode.c.h; name = CDVReachability.h; path = "cordova-plugin-network-information/CDVReachability.h"; sourceTree = "<group>"; };
		C18186CFBDE14A97A9DA0811 /* APPLocalNotification.m */ = {isa = PBXFileReference; explicitFileType = undefined; fileEncoding = 4; includeInIndex = 0; lastKnownFileType = sourcecode.c.objc; name = APPLocalNotification.m; path = "cordova-plugin-local-notification/APPLocalNotification.m"; sourceTree = "<group>"; };
		C37A49C6CFB04075B003BBCF /* CDVInAppBrowserNavigationController.h */ = {isa = PBXFileReference; explicitFileType = undefined; fileEncoding = 4; includeInIndex = 0; lastKnownFileType = sourcecode.c.h; name = CDVInAppBrowserNavigationController.h; path = "cordova-plugin-inappbrowser/CDVInAppBrowserNavigationController.h"; sourceTree = "<group>"; };
		C8A844563C444532AF085CB2 /* CDVAssetLibraryFilesystem.h */ = {isa = PBXFileReference; explicitFileType = undefined; fileEncoding = 4; includeInIndex = 0; lastKnownFileType = sourcecode.c.h; name = CDVAssetLibraryFilesystem.h; path = "cordova-plugin-file/CDVAssetLibraryFilesystem.h"; sourceTree = "<group>"; };
		CC47E428AE964055B6889DA9 /* AudioToolbox.framework */ = {isa = PBXFileReference; explicitFileType = undefined; fileEncoding = 9; includeInIndex = 0; lastKnownFileType = wrapper.framework; name = AudioToolbox.framework; path = System/Library/Frameworks/AudioToolbox.framework; sourceTree = SDKROOT; };
		CC6AAD39687E4AB7A8945926 /* SystemConfiguration.framework */ = {isa = PBXFileReference; explicitFileType = undefined; fileEncoding = 9; includeInIndex = 0; lastKnownFileType = wrapper.framework; name = SystemConfiguration.framework; path = System/Library/Frameworks/SystemConfiguration.framework; sourceTree = SDKROOT; };
		CC9DAC7CA71240DE9ED9AA95 /* AppDelegate+FirebaseMessagingPlugin.m */ = {isa = PBXFileReference; explicitFileType = undefined; fileEncoding = 4; includeInIndex = 0; lastKnownFileType = sourcecode.c.objc; name = "AppDelegate+FirebaseMessagingPlugin.m"; path = "cordova-plugin-firebase-messaging/AppDelegate+FirebaseMessagingPlugin.m"; sourceTree = "<group>"; };
		D6FDAC3F83C64DEAA0A06E44 /* CDVGlobalization.m */ = {isa = PBXFileReference; explicitFileType = undefined; fileEncoding = 4; includeInIndex = 0; lastKnownFileType = sourcecode.c.objc; name = CDVGlobalization.m; path = "cordova-plugin-globalization/CDVGlobalization.m"; sourceTree = "<group>"; };
		D90DEA04DA7347B0A0E08E09 /* CDVFile.h */ = {isa = PBXFileReference; explicitFileType = undefined; fileEncoding = 4; includeInIndex = 0; lastKnownFileType = sourcecode.c.h; name = CDVFile.h; path = "cordova-plugin-file/CDVFile.h"; sourceTree = "<group>"; };
		E28D4777FC6C4D989C0445CE /* CDVNotification.h */ = {isa = PBXFileReference; explicitFileType = undefined; fileEncoding = 4; includeInIndex = 0; lastKnownFileType = sourcecode.c.h; name = CDVNotification.h; path = "cordova-plugin-dialogs/CDVNotification.h"; sourceTree = "<group>"; };
		E67EFB55076F433CA3C9B287 /* GoogleService-Info.plist */ = {isa = PBXFileReference; explicitFileType = undefined; fileEncoding = 4; includeInIndex = 0; lastKnownFileType = text.plist.xml; path = "GoogleService-Info.plist"; sourceTree = "<group>"; };
		EB87FDF31871DA8E0020F90C /* www */ = {isa = PBXFileReference; lastKnownFileType = folder; name = www; path = ../../www; sourceTree = "<group>"; };
		EB87FDF41871DAF40020F90C /* config.xml */ = {isa = PBXFileReference; lastKnownFileType = text.xml; name = config.xml; path = ../../config.xml; sourceTree = "<group>"; };
		ED33DF2A687741AEAF9F8254 /* Bridging-Header.h */ = {isa = PBXFileReference; fileEncoding = 4; lastKnownFileType = sourcecode.c.h; path = "Bridging-Header.h"; sourceTree = "<group>"; };
		F062F4E208424BF4B94BBFCA /* AppDelegate+FirebaseMessagingPlugin.h */ = {isa = PBXFileReference; explicitFileType = undefined; fileEncoding = 4; includeInIndex = 0; lastKnownFileType = sourcecode.c.h; name = "AppDelegate+FirebaseMessagingPlugin.h"; path = "cordova-plugin-firebase-messaging/AppDelegate+FirebaseMessagingPlugin.h"; sourceTree = "<group>"; };
		F1DB1AEA60CA424E972932FB /* FirebaseAnalyticsPlugin.h */ = {isa = PBXFileReference; explicitFileType = undefined; fileEncoding = 4; includeInIndex = 0; lastKnownFileType = sourcecode.c.h; name = FirebaseAnalyticsPlugin.h; path = "cordova-plugin-firebase-analytics/FirebaseAnalyticsPlugin.h"; sourceTree = "<group>"; };
		F840E1F0165FE0F500CFE078 /* config.xml */ = {isa = PBXFileReference; lastKnownFileType = text.xml; name = config.xml; path = Pidoya/config.xml; sourceTree = "<group>"; };
		FA69CD5C07534076A2755789 /* FirebaseMessagingPlugin.h */ = {isa = PBXFileReference; explicitFileType = undefined; fileEncoding = 4; includeInIndex = 0; lastKnownFileType = sourcecode.c.h; name = FirebaseMessagingPlugin.h; path = "cordova-plugin-firebase-messaging/FirebaseMessagingPlugin.h"; sourceTree = "<group>"; };
		FEC4E6CAD4D6407F8AA0D7BE /* CoreLocation.framework */ = {isa = PBXFileReference; explicitFileType = undefined; fileEncoding = 9; includeInIndex = 0; lastKnownFileType = wrapper.framework; name = CoreLocation.framework; path = System/Library/Frameworks/CoreLocation.framework; sourceTree = SDKROOT; };
/* End PBXFileReference section */

/* Begin PBXFrameworksBuildPhase section */
		1D60588F0D05DD3D006BFB54 /* Frameworks */ = {
			isa = PBXFrameworksBuildPhase;
			buildActionMask = 2147483647;
			files = (
				301BF552109A68D80062928A /* libCordova.a in Frameworks */,
				B473D32EA38C46D483344D64 /* libz.tbd in Frameworks */,
				7D27939ABF3D4938967EA11D /* AudioToolbox.framework in Frameworks */,
				4BB032116C8F74A1A42A69AF /* libPods-Pidoya.a in Frameworks */,
				E9CA8010C1E84A6DBDC6FE9C /* CoreLocation.framework in Frameworks */,
				04C2357FE9364F5D92FBF979 /* UserNotifications.framework in Frameworks */,
				B7B87A6F0EE741A09B6A5FD2 /* SystemConfiguration.framework in Frameworks */,
				43761A16F1EB47B7812C3564 /* CoreTelephony.framework in Frameworks */,
			);
			runOnlyForDeploymentPostprocessing = 0;
		};
/* End PBXFrameworksBuildPhase section */

/* Begin PBXGroup section */
		080E96DDFE201D6D7F000001 /* Classes */ = {
			isa = PBXGroup;
			children = (
				302D95EE14D2391D003F00A1 /* MainViewController.h */,
				302D95EF14D2391D003F00A1 /* MainViewController.m */,
				302D95F014D2391D003F00A1 /* MainViewController.xib */,
				1D3623240D0F684500981E51 /* AppDelegate.h */,
				1D3623250D0F684500981E51 /* AppDelegate.m */,
			);
			name = Classes;
			path = Pidoya/Classes;
			sourceTree = SOURCE_ROOT;
		};
		19C28FACFE9D520D11CA2CBB /* Products */ = {
			isa = PBXGroup;
			children = (
				1D6058910D05DD3D006BFB54 /* Pidoya.app */,
			);
			name = Products;
			sourceTree = "<group>";
		};
		29B97314FDCFA39411CA2CEA /* CustomTemplate */ = {
			isa = PBXGroup;
			children = (
				EB87FDF41871DAF40020F90C /* config.xml */,
				EB87FDF31871DA8E0020F90C /* www */,
				EB87FDF11871DA420020F90C /* Staging */,
				301BF52D109A57CC0062928A /* CordovaLib.xcodeproj */,
				080E96DDFE201D6D7F000001 /* Classes */,
				307C750510C5A3420062BCA9 /* Plugins */,
				29B97315FDCFA39411CA2CEA /* Other Sources */,
				29B97317FDCFA39411CA2CEA /* Resources */,
				29B97323FDCFA39411CA2CEA /* Frameworks */,
				19C28FACFE9D520D11CA2CBB /* Products */,
				ADA67BC6D1FCCDD6B7C2EB2B /* Pods */,
			);
			name = CustomTemplate;
			sourceTree = "<group>";
		};
		29B97315FDCFA39411CA2CEA /* Other Sources */ = {
			isa = PBXGroup;
			children = (
				32CA4F630368D1EE00C91783 /* Pidoya-Prefix.pch */,
				29B97316FDCFA39411CA2CEA /* main.m */,
				ED33DF2A687741AEAF9F8254 /* Bridging-Header.h */,
			);
			name = "Other Sources";
			path = Pidoya;
			sourceTree = "<group>";
		};
		29B97317FDCFA39411CA2CEA /* Resources */ = {
			isa = PBXGroup;
			children = (
				0207DA571B56EA530066E2B4 /* Images.xcassets */,
				3047A50E1AB8057F00498E2A /* config */,
				8D1107310486CEB800E47090 /* Pidoya-Info.plist */,
				6AFF5BF81D6E424B00AB3073 /* CDVLaunchScreen.storyboard */,
				E67EFB55076F433CA3C9B287 /* GoogleService-Info.plist */,
				0D34E65C70BE48AE9C98BDB0 /* CDVNotification.bundle */,
			);
			name = Resources;
			path = Pidoya/Resources;
			sourceTree = "<group>";
		};
		29B97323FDCFA39411CA2CEA /* Frameworks */ = {
			isa = PBXGroup;
			children = (
				57416D7E448443F89B85B574 /* libz.tbd */,
				CC47E428AE964055B6889DA9 /* AudioToolbox.framework */,
				4E3C2EFFCE2BF6EC43ED8A02 /* libPods-Pidoya.a */,
				FEC4E6CAD4D6407F8AA0D7BE /* CoreLocation.framework */,
				417B8068ECBA4046A2B110EA /* UserNotifications.framework */,
				CC6AAD39687E4AB7A8945926 /* SystemConfiguration.framework */,
				B3F24E797C4F4BF5B8223803 /* CoreTelephony.framework */,
			);
			name = Frameworks;
			sourceTree = "<group>";
		};
		301BF52E109A57CC0062928A /* Products */ = {
			isa = PBXGroup;
			children = (
				301BF535109A57CC0062928A /* libCordova.a */,
				907D8124214C687600058A10 /* Cordova.framework */,
			);
			name = Products;
			sourceTree = "<group>";
		};
		3047A50E1AB8057F00498E2A /* config */ = {
			isa = PBXGroup;
			children = (
				3047A50F1AB8059700498E2A /* build-debug.xcconfig */,
				3047A5101AB8059700498E2A /* build-release.xcconfig */,
				3047A5111AB8059700498E2A /* build.xcconfig */,
			);
			name = config;
			sourceTree = "<group>";
		};
		307C750510C5A3420062BCA9 /* Plugins */ = {
			isa = PBXGroup;
			children = (
				272250E30E4B49649A7304D2 /* APPBadge.m */,
				5162386E6C0E4F769EB5F0F5 /* APPBadge.h */,
				0D295544C77A4EE595C33657 /* CDVBattery.m */,
				0732F1F014234E5C85CA775A /* CDVBattery.h */,
				1D8EF59AEEA74E068F50E6C1 /* CDVDevice.m */,
				9DB15BC637B7476F85DB4DE8 /* CDVDevice.h */,
				07B2EAC1A4F648C6B410A347 /* CDVNotification.m */,
				E28D4777FC6C4D989C0445CE /* CDVNotification.h */,
				7C8E482E399D4C0D9078B99F /* CDVFile.m */,
				47B00D7D33FD41DAAFC5CA1F /* CDVLocalFilesystem.m */,
				43F2D5F501FA451CBF5ACAED /* CDVAssetLibraryFilesystem.m */,
				D90DEA04DA7347B0A0E08E09 /* CDVFile.h */,
				607A5FD6197A4876968D8DDF /* CDVLocalFilesystem.h */,
				C8A844563C444532AF085CB2 /* CDVAssetLibraryFilesystem.h */,
				79C9955BD040458F97122209 /* FirebaseAnalyticsPlugin.m */,
				F1DB1AEA60CA424E972932FB /* FirebaseAnalyticsPlugin.h */,
				CC9DAC7CA71240DE9ED9AA95 /* AppDelegate+FirebaseMessagingPlugin.m */,
				99DAF24126B04F6183EFBF8E /* FirebaseMessagingPlugin.m */,
				F062F4E208424BF4B94BBFCA /* AppDelegate+FirebaseMessagingPlugin.h */,
				FA69CD5C07534076A2755789 /* FirebaseMessagingPlugin.h */,
				916A690BD3284947A1829C36 /* CDVLocation.m */,
				7EB7A53514D647979C4A24F3 /* CDVLocation.h */,
				D6FDAC3F83C64DEAA0A06E44 /* CDVGlobalization.m */,
				3E1F351B4B5C400BB5B67001 /* CDVGlobalization.h */,
				8041FEE74E834D4396407414 /* CDVInAppBrowserOptions.m */,
				95D7B359775A45558D471BF5 /* CDVInAppBrowserNavigationController.m */,
				21F016A84B9D47E899BFD1AD /* CDVWKInAppBrowser.m */,
				18683C6F1F694F368915A58F /* CDVWKInAppBrowserUIDelegate.m */,
				40CCAD8156D143E6A1C78964 /* CDVInAppBrowserOptions.h */,
				C37A49C6CFB04075B003BBCF /* CDVInAppBrowserNavigationController.h */,
				8DC896CDECB44E16A4766900 /* CDVWKInAppBrowser.h */,
				2BE36A5838E644048EEC2D44 /* CDVWKInAppBrowserUIDelegate.h */,
				C18186CFBDE14A97A9DA0811 /* APPLocalNotification.m */,
				7B6E209D16E947ABA146EB3D /* APPNotificationContent.m */,
				682E2150C82741B8A9BE2B72 /* APPNotificationOptions.m */,
				71BB988E4ACB4AC28AF6E930 /* UNUserNotificationCenter+APPLocalNotification.m */,
				4D2BA5F7AF8947BD82A65FDE /* UNNotificationRequest+APPLocalNotification.m */,
				67625A54CD0A4BC3B6770E8C /* APPLocalNotification.h */,
				69B7D0E0489B4525AB4AB13E /* APPNotificationContent.h */,
				14717F89089045E3B7B23F78 /* APPNotificationOptions.h */,
				5633843B980C471FBC97F35B /* UNUserNotificationCenter+APPLocalNotification.h */,
				84E1E6D43A0B43EC93FA7B25 /* UNNotificationRequest+APPLocalNotification.h */,
				9709A1BF89CD4E1EBE24AF6E /* CDVConnection.m */,
				204B364019B74501A3B6A189 /* CDVReachability.m */,
				3102477E145B4CF4A2354E04 /* CDVConnection.h */,
				BDC12E69AC85493FBE10E2FE /* CDVReachability.h */,
				2131DC9AF0FB4A13983DD929 /* CDVVibration.m */,
				5FC4AED05E374A5CAA934792 /* CDVVibration.h */,
			);
			name = Plugins;
			path = Pidoya/Plugins;
			sourceTree = SOURCE_ROOT;
		};
		ADA67BC6D1FCCDD6B7C2EB2B /* Pods */ = {
			isa = PBXGroup;
			children = (
				5EB6CAA9F3BE6EC8646EAEB6 /* Pods-Pidoya.debug.xcconfig */,
				4A4F00E3DE69927017AC9E77 /* Pods-Pidoya.release.xcconfig */,
			);
			path = Pods;
			sourceTree = "<group>";
		};
		EB87FDF11871DA420020F90C /* Staging */ = {
			isa = PBXGroup;
			children = (
				F840E1F0165FE0F500CFE078 /* config.xml */,
				301BF56E109A69640062928A /* www */,
			);
			name = Staging;
			sourceTree = "<group>";
		};
/* End PBXGroup section */

/* Begin PBXNativeTarget section */
		1D6058900D05DD3D006BFB54 /* Pidoya */ = {
			isa = PBXNativeTarget;
			buildConfigurationList = 1D6058960D05DD3E006BFB54 /* Build configuration list for PBXNativeTarget "Pidoya" */;
			buildPhases = (
				33B403B47C0BBA49F3B5FD03 /* [CP] Check Pods Manifest.lock */,
				304B58A110DAC018002A0835 /* Copy www directory */,
				1D60588D0D05DD3D006BFB54 /* Resources */,
				1D60588E0D05DD3D006BFB54 /* Sources */,
				1D60588F0D05DD3D006BFB54 /* Frameworks */,
			);
			buildRules = (
			);
			dependencies = (
				301BF551109A68C00062928A /* PBXTargetDependency */,
			);
			name = Pidoya;
			productName = Pidoya;
			productReference = 1D6058910D05DD3D006BFB54 /* Pidoya.app */;
			productType = "com.apple.product-type.application";
		};
/* End PBXNativeTarget section */

/* Begin PBXProject section */
		29B97313FDCFA39411CA2CEA /* Project object */ = {
			isa = PBXProject;
			attributes = {
				LastUpgradeCheck = 1130;
			};
			buildConfigurationList = C01FCF4E08A954540054247B /* Build configuration list for PBXProject "Pidoya" */;
			compatibilityVersion = "Xcode 11.0";
			developmentRegion = en;
			hasScannedForEncodings = 1;
			knownRegions = (
				en,
				Base,
			);
			mainGroup = 29B97314FDCFA39411CA2CEA /* CustomTemplate */;
			productRefGroup = 19C28FACFE9D520D11CA2CBB /* Products */;
			projectDirPath = "";
			projectReferences = (
				{
					ProductGroup = 301BF52E109A57CC0062928A /* Products */;
					ProjectRef = 301BF52D109A57CC0062928A /* CordovaLib.xcodeproj */;
				},
			);
			projectRoot = "";
			targets = (
				1D6058900D05DD3D006BFB54 /* Pidoya */,
			);
		};
/* End PBXProject section */

/* Begin PBXReferenceProxy section */
		301BF535109A57CC0062928A /* libCordova.a */ = {
			isa = PBXReferenceProxy;
			fileType = archive.ar;
			path = libCordova.a;
			remoteRef = 301BF534109A57CC0062928A /* PBXContainerItemProxy */;
			sourceTree = BUILT_PRODUCTS_DIR;
		};
		907D8124214C687600058A10 /* Cordova.framework */ = {
			isa = PBXReferenceProxy;
			fileType = wrapper.framework;
			path = Cordova.framework;
			remoteRef = 907D8123214C687600058A10 /* PBXContainerItemProxy */;
			sourceTree = BUILT_PRODUCTS_DIR;
		};
/* End PBXReferenceProxy section */

/* Begin PBXResourcesBuildPhase section */
		1D60588D0D05DD3D006BFB54 /* Resources */ = {
			isa = PBXResourcesBuildPhase;
			buildActionMask = 2147483647;
			files = (
				302D95F214D2391D003F00A1 /* MainViewController.xib in Resources */,
				0207DA581B56EA530066E2B4 /* Images.xcassets in Resources */,
				6AFF5BF91D6E424B00AB3073 /* CDVLaunchScreen.storyboard in Resources */,
				1161BB0B2257463D92A81425 /* GoogleService-Info.plist in Resources */,
				64AF9DE69E4F4DCFBED93EB0 /* CDVNotification.bundle in Resources */,
			);
			runOnlyForDeploymentPostprocessing = 0;
		};
/* End PBXResourcesBuildPhase section */

/* Begin PBXShellScriptBuildPhase section */
		304B58A110DAC018002A0835 /* Copy www directory */ = {
			isa = PBXShellScriptBuildPhase;
			buildActionMask = 2147483647;
			files = (
			);
			inputPaths = (
			);
			name = "Copy www directory";
			outputPaths = (
			);
			runOnlyForDeploymentPostprocessing = 0;
			shellPath = /bin/sh;
			shellScript = "\"$SRCROOT/Pidoya/Scripts/copy-www-build-step.sh\"";
			showEnvVarsInLog = 0;
		};
		33B403B47C0BBA49F3B5FD03 /* [CP] Check Pods Manifest.lock */ = {
			isa = PBXShellScriptBuildPhase;
			buildActionMask = 2147483647;
			files = (
			);
			inputFileListPaths = (
			);
			inputPaths = (
				"${PODS_PODFILE_DIR_PATH}/Podfile.lock",
				"${PODS_ROOT}/Manifest.lock",
			);
			name = "[CP] Check Pods Manifest.lock";
			outputFileListPaths = (
			);
			outputPaths = (
				"$(DERIVED_FILE_DIR)/Pods-Pidoya-checkManifestLockResult.txt",
			);
			runOnlyForDeploymentPostprocessing = 0;
			shellPath = /bin/sh;
			shellScript = "diff \"${PODS_PODFILE_DIR_PATH}/Podfile.lock\" \"${PODS_ROOT}/Manifest.lock\" > /dev/null\nif [ $? != 0 ] ; then\n    # print error to STDERR\n    echo \"error: The sandbox is not in sync with the Podfile.lock. Run 'pod install' or update your CocoaPods installation.\" >&2\n    exit 1\nfi\n# This output is used by Xcode 'outputs' to avoid re-running this script phase.\necho \"SUCCESS\" > \"${SCRIPT_OUTPUT_FILE_0}\"\n";
			showEnvVarsInLog = 0;
		};
/* End PBXShellScriptBuildPhase section */

/* Begin PBXSourcesBuildPhase section */
		1D60588E0D05DD3D006BFB54 /* Sources */ = {
			isa = PBXSourcesBuildPhase;
			buildActionMask = 2147483647;
			files = (
				1D60589B0D05DD56006BFB54 /* main.m in Sources */,
				1D3623260D0F684500981E51 /* AppDelegate.m in Sources */,
				302D95F114D2391D003F00A1 /* MainViewController.m in Sources */,
				1C18848E07514D02AE930463 /* APPBadge.m in Sources */,
				C01A746BE0A0425E846E751A /* CDVBattery.m in Sources */,
				74259B0736E942DCBB500FE3 /* CDVDevice.m in Sources */,
				CB29F396E2EC4E50A9BE8688 /* CDVNotification.m in Sources */,
				D0D6E2578F2F4D619C94BC76 /* CDVFile.m in Sources */,
				DE43DAF1437542F4A8ED35BD /* CDVLocalFilesystem.m in Sources */,
				22AE31422E4B4A389B79006C /* CDVAssetLibraryFilesystem.m in Sources */,
				872DFD1622364729A55FDEB1 /* FirebaseAnalyticsPlugin.m in Sources */,
				687AC9263C4D4567BADBF589 /* AppDelegate+FirebaseMessagingPlugin.m in Sources */,
				CE196CD5AE214EB8AB476D1F /* FirebaseMessagingPlugin.m in Sources */,
				793AABB432AA4367B7A0A458 /* CDVLocation.m in Sources */,
				068C630A447343AB94A4EBFE /* CDVGlobalization.m in Sources */,
				3F636C4D041E4CE6826D24F9 /* CDVInAppBrowserOptions.m in Sources */,
				628637520E434408B5B4D420 /* CDVInAppBrowserNavigationController.m in Sources */,
				403254ED274B43D088DF8437 /* CDVWKInAppBrowser.m in Sources */,
				0C5644A45BCD4482B81C3ECB /* CDVWKInAppBrowserUIDelegate.m in Sources */,
				71F1C03647D84E3D8F6B31B1 /* APPLocalNotification.m in Sources */,
				060611BDA7DD4257956ED356 /* APPNotificationContent.m in Sources */,
				1EF6126EC3CE4B888F90BE6F /* APPNotificationOptions.m in Sources */,
				40D5DE26ACBF486D8276298F /* UNUserNotificationCenter+APPLocalNotification.m in Sources */,
				5CF96D898FD94614B6E416D2 /* UNNotificationRequest+APPLocalNotification.m in Sources */,
				35A297E1AE4548E9B55A9F2E /* CDVConnection.m in Sources */,
				5D6E3F2FE3BA45D4AE2BDA14 /* CDVReachability.m in Sources */,
				A8A6AD9B17694F48A945594F /* CDVVibration.m in Sources */,
			);
			runOnlyForDeploymentPostprocessing = 0;
		};
/* End PBXSourcesBuildPhase section */

/* Begin PBXTargetDependency section */
		301BF551109A68C00062928A /* PBXTargetDependency */ = {
			isa = PBXTargetDependency;
			name = CordovaLib;
			targetProxy = 301BF550109A68C00062928A /* PBXContainerItemProxy */;
		};
/* End PBXTargetDependency section */

/* Begin XCBuildConfiguration section */
		1D6058940D05DD3E006BFB54 /* Debug */ = {
			isa = XCBuildConfiguration;
			baseConfigurationReference = 3047A50F1AB8059700498E2A /* build-debug.xcconfig */;
			buildSettings = {
				ALWAYS_SEARCH_USER_PATHS = NO;
				ASSETCATALOG_COMPILER_APPICON_NAME = AppIcon;
				CLANG_ENABLE_MODULES = YES;
				CLANG_ENABLE_OBJC_ARC = YES;
				CODE_SIGN_IDENTITY = "iPhone Developer";
				CODE_SIGN_STYLE = Manual;
				COPY_PHASE_STRIP = NO;
				DEVELOPMENT_TEAM = KD3UH368A3;
				GCC_DYNAMIC_NO_PIC = NO;
				GCC_OPTIMIZATION_LEVEL = 0;
				GCC_PRECOMPILE_PREFIX_HEADER = YES;
				GCC_PREFIX_HEADER = "Pidoya/Pidoya-Prefix.pch";
				GCC_THUMB_SUPPORT = NO;
				GCC_VERSION = "";
				INFOPLIST_FILE = "Pidoya/Pidoya-Info.plist";
				IPHONEOS_DEPLOYMENT_TARGET = 11.0;
				LD_RUNPATH_SEARCH_PATHS = "@executable_path/Frameworks";
				PRODUCT_BUNDLE_IDENTIFIER = com.mdc.pidoya;
				PRODUCT_NAME = "$(TARGET_NAME)";
				PROVISIONING_PROFILE_SPECIFIER = "Pidoya Development";
				TARGETED_DEVICE_FAMILY = "1,2";
				VALIDATE_WORKSPACE = NO;
			};
			name = Debug;
		};
		1D6058950D05DD3E006BFB54 /* Release */ = {
			isa = XCBuildConfiguration;
			baseConfigurationReference = 3047A5101AB8059700498E2A /* build-release.xcconfig */;
			buildSettings = {
				ALWAYS_SEARCH_USER_PATHS = NO;
				ASSETCATALOG_COMPILER_APPICON_NAME = AppIcon;
				CLANG_ENABLE_MODULES = YES;
				CLANG_ENABLE_OBJC_ARC = YES;
				CODE_SIGN_IDENTITY = "iPhone Distribution";
				CODE_SIGN_STYLE = Manual;
				COPY_PHASE_STRIP = YES;
				DEVELOPMENT_TEAM = KD3UH368A3;
				GCC_PRECOMPILE_PREFIX_HEADER = YES;
				GCC_PREFIX_HEADER = "Pidoya/Pidoya-Prefix.pch";
				GCC_THUMB_SUPPORT = NO;
				GCC_VERSION = "";
				INFOPLIST_FILE = "Pidoya/Pidoya-Info.plist";
				IPHONEOS_DEPLOYMENT_TARGET = 11.0;
				LD_RUNPATH_SEARCH_PATHS = "@executable_path/Frameworks";
				PRODUCT_BUNDLE_IDENTIFIER = com.mdc.pidoya;
				PRODUCT_NAME = "$(TARGET_NAME)";
				PROVISIONING_PROFILE_SPECIFIER = "Pidoya Release";
				TARGETED_DEVICE_FAMILY = "1,2";
				VALIDATE_WORKSPACE = NO;
			};
			name = Release;
		};
		C01FCF4F08A954540054247B /* Debug */ = {
			isa = XCBuildConfiguration;
			baseConfigurationReference = 3047A5111AB8059700498E2A /* build.xcconfig */;
			buildSettings = {
				CLANG_ANALYZER_LOCALIZABILITY_NONLOCALIZED = YES;
				CLANG_ENABLE_MODULES = YES;
				CLANG_ENABLE_OBJC_ARC = YES;
				CLANG_WARN_BLOCK_CAPTURE_AUTORELEASING = YES;
				CLANG_WARN_BOOL_CONVERSION = YES;
				CLANG_WARN_COMMA = YES;
				CLANG_WARN_CONSTANT_CONVERSION = YES;
				CLANG_WARN_DEPRECATED_OBJC_IMPLEMENTATIONS = YES;
				CLANG_WARN_EMPTY_BODY = YES;
				CLANG_WARN_ENUM_CONVERSION = YES;
				CLANG_WARN_INFINITE_RECURSION = YES;
				CLANG_WARN_INT_CONVERSION = YES;
				CLANG_WARN_NON_LITERAL_NULL_CONVERSION = YES;
				CLANG_WARN_OBJC_IMPLICIT_RETAIN_SELF = YES;
				CLANG_WARN_OBJC_LITERAL_CONVERSION = YES;
				CLANG_WARN_RANGE_LOOP_ANALYSIS = YES;
				CLANG_WARN_STRICT_PROTOTYPES = YES;
				CLANG_WARN_SUSPICIOUS_MOVE = YES;
				CLANG_WARN_UNREACHABLE_CODE = YES;
				CLANG_WARN__DUPLICATE_METHOD_MATCH = YES;
				ENABLE_STRICT_OBJC_MSGSEND = YES;
				ENABLE_TESTABILITY = YES;
				GCC_C_LANGUAGE_STANDARD = c99;
				GCC_NO_COMMON_BLOCKS = YES;
				GCC_THUMB_SUPPORT = NO;
				GCC_VERSION = "";
				GCC_WARN_64_TO_32_BIT_CONVERSION = YES;
				GCC_WARN_ABOUT_RETURN_TYPE = YES;
				GCC_WARN_UNDECLARED_SELECTOR = YES;
				GCC_WARN_UNINITIALIZED_AUTOS = YES;
				GCC_WARN_UNUSED_FUNCTION = YES;
				GCC_WARN_UNUSED_VARIABLE = YES;
				ONLY_ACTIVE_ARCH = YES;
				SDKROOT = iphoneos;
				SKIP_INSTALL = NO;
				WK_WEB_VIEW_ONLY = 1;
			};
			name = Debug;
		};
		C01FCF5008A954540054247B /* Release */ = {
			isa = XCBuildConfiguration;
			baseConfigurationReference = 3047A5111AB8059700498E2A /* build.xcconfig */;
			buildSettings = {
				CLANG_ANALYZER_LOCALIZABILITY_NONLOCALIZED = YES;
				CLANG_ENABLE_MODULES = YES;
				CLANG_ENABLE_OBJC_ARC = YES;
				CLANG_WARN_BLOCK_CAPTURE_AUTORELEASING = YES;
				CLANG_WARN_BOOL_CONVERSION = YES;
				CLANG_WARN_COMMA = YES;
				CLANG_WARN_CONSTANT_CONVERSION = YES;
				CLANG_WARN_DEPRECATED_OBJC_IMPLEMENTATIONS = YES;
				CLANG_WARN_EMPTY_BODY = YES;
				CLANG_WARN_ENUM_CONVERSION = YES;
				CLANG_WARN_INFINITE_RECURSION = YES;
				CLANG_WARN_INT_CONVERSION = YES;
				CLANG_WARN_NON_LITERAL_NULL_CONVERSION = YES;
				CLANG_WARN_OBJC_IMPLICIT_RETAIN_SELF = YES;
				CLANG_WARN_OBJC_LITERAL_CONVERSION = YES;
				CLANG_WARN_RANGE_LOOP_ANALYSIS = YES;
				CLANG_WARN_STRICT_PROTOTYPES = YES;
				CLANG_WARN_SUSPICIOUS_MOVE = YES;
				CLANG_WARN_UNREACHABLE_CODE = YES;
				CLANG_WARN__DUPLICATE_METHOD_MATCH = YES;
				ENABLE_STRICT_OBJC_MSGSEND = YES;
				GCC_C_LANGUAGE_STANDARD = c99;
				GCC_NO_COMMON_BLOCKS = YES;
				GCC_THUMB_SUPPORT = NO;
				GCC_VERSION = "";
				GCC_WARN_64_TO_32_BIT_CONVERSION = YES;
				GCC_WARN_ABOUT_RETURN_TYPE = YES;
				GCC_WARN_UNDECLARED_SELECTOR = YES;
				GCC_WARN_UNINITIALIZED_AUTOS = YES;
				GCC_WARN_UNUSED_FUNCTION = YES;
				GCC_WARN_UNUSED_VARIABLE = YES;
				SDKROOT = iphoneos;
				SKIP_INSTALL = NO;
				WK_WEB_VIEW_ONLY = 1;
			};
			name = Release;
		};
/* End XCBuildConfiguration section */

/* Begin XCConfigurationList section */
		1D6058960D05DD3E006BFB54 /* Build configuration list for PBXNativeTarget "Pidoya" */ = {
			isa = XCConfigurationList;
			buildConfigurations = (
				1D6058940D05DD3E006BFB54 /* Debug */,
				1D6058950D05DD3E006BFB54 /* Release */,
			);
			defaultConfigurationIsVisible = 0;
			defaultConfigurationName = Release;
		};
		C01FCF4E08A954540054247B /* Build configuration list for PBXProject "Pidoya" */ = {
			isa = XCConfigurationList;
			buildConfigurations = (
				C01FCF4F08A954540054247B /* Debug */,
				C01FCF5008A954540054247B /* Release */,
			);
			defaultConfigurationIsVisible = 0;
			defaultConfigurationName = Release;
		};
/* End XCConfigurationList section */
	};
	rootObject = 29B97313FDCFA39411CA2CEA /* Project object */;
}
